
Microsoft Visual Studio Solution File, Format Version 12.00
# Visual Studio Version 17
VisualStudioVersion = 17.5.002.0
MinimumVisualStudioVersion = 10.0.40219.1
Project("{9A19103F-16F7-4668-BE54-9A1E7A4F7556}") = "aspNetCoreBackend2", "aspNetCoreBackend2\aspNetCoreBackend2.csproj", "{E7E1BBF4-85EE-4C8F-BBC6-833861478B4B}"
EndProject
Global
	GlobalSection(SolutionConfigurationPlatforms) = preSolution
		Debug|Any CPU = Debug|Any CPU
		Release|Any CPU = Release|Any CPU
	EndGlobalSection
	GlobalSection(ProjectConfigurationPlatforms) = postSolution
		{E7E1BBF4-85EE-4C8F-BBC6-833861478B4B}.Debug|Any CPU.ActiveCfg = Debug|Any CPU
		{E7E1BBF4-85EE-4C8F-BBC6-833861478B4B}.Debug|Any CPU.Build.0 = Debug|Any CPU
		{E7E1BBF4-85EE-4C8F-BBC6-833861478B4B}.Release|Any CPU.ActiveCfg = Release|Any CPU
		{E7E1BBF4-85EE-4C8F-BBC6-833861478B4B}.Release|Any CPU.Build.0 = Release|Any CPU
	EndGlobalSection
	GlobalSection(SolutionProperties) = preSolution
		HideSolutionNode = FALSE
	EndGlobalSection
	GlobalSection(ExtensibilityGlobals) = postSolution
		SolutionGuid = {F96368C9-634F-48E1-90A5-4B7746857794}
	EndGlobalSection
EndGlobal
